
Microsoft Visual Studio Solution File, Format Version 12.00
# Visual Studio Version 17
VisualStudioVersion = 17.11.35312.102
MinimumVisualStudioVersion = 10.0.40219.1
Project("{9A19103F-16F7-4668-BE54-9A1E7A4F7556}") = "MainApp2", "MainApp2\MainApp2.csproj", "{61FCFD68-CA71-4158-A6EF-EF1BFEDE14C4}"
EndProject
Project("{FAE04EC0-301F-11D3-BF4B-00C04F79EFBC}") = "MainApp2.Test", "MainApp2.Test\MainApp2.Test.csproj", "{E7405426-DBEA-4D75-8207-EE45DD21833D}"
EndProject
Global
	GlobalSection(SolutionConfigurationPlatforms) = preSolution
		Debug|Any CPU = Debug|Any CPU
		Release|Any CPU = Release|Any CPU
	EndGlobalSection
	GlobalSection(ProjectConfigurationPlatforms) = postSolution
		{61FCFD68-CA71-4158-A6EF-EF1BFEDE14C4}.Debug|Any CPU.ActiveCfg = Debug|Any CPU
		{61FCFD68-CA71-4158-A6EF-EF1BFEDE14C4}.Debug|Any CPU.Build.0 = Debug|Any CPU
		{61FCFD68-CA71-4158-A6EF-EF1BFEDE14C4}.Release|Any CPU.ActiveCfg = Release|Any CPU
		{61FCFD68-CA71-4158-A6EF-EF1BFEDE14C4}.Release|Any CPU.Build.0 = Release|Any CPU
		{E7405426-DBEA-4D75-8207-EE45DD21833D}.Debug|Any CPU.ActiveCfg = Debug|Any CPU
		{E7405426-DBEA-4D75-8207-EE45DD21833D}.Debug|Any CPU.Build.0 = Debug|Any CPU
		{E7405426-DBEA-4D75-8207-EE45DD21833D}.Release|Any CPU.ActiveCfg = Release|Any CPU
		{E7405426-DBEA-4D75-8207-EE45DD21833D}.Release|Any CPU.Build.0 = Release|Any CPU
	EndGlobalSection
	GlobalSection(SolutionProperties) = preSolution
		HideSolutionNode = FALSE
	EndGlobalSection
	GlobalSection(ExtensibilityGlobals) = postSolution
		SolutionGuid = {8BBFB884-4F7B-46DF-8834-FF51CE2FBF04}
	EndGlobalSection
EndGlobal
